
Microsoft Visual Studio Solution File, Format Version 12.00
# Visual Studio Version 17
VisualStudioVersion = 17.4.33213.308
MinimumVisualStudioVersion = 10.0.40219.1
Project("{FAE04EC0-301F-11D3-BF4B-00C04F79EFBC}") = "Start", "Start.csproj", "{5D478228-CD94-49CE-B2F7-9D5322FCB41F}"
EndProject
Global
	GlobalSection(SolutionConfigurationPlatforms) = preSolution
		Debug|Any CPU = Debug|Any CPU
		Release|Any CPU = Release|Any CPU
	EndGlobalSection
	GlobalSection(ProjectConfigurationPlatforms) = postSolution
		{5D478228-CD94-49CE-B2F7-9D5322FCB41F}.Debug|Any CPU.ActiveCfg = Debug|Any CPU
		{5D478228-CD94-49CE-B2F7-9D5322FCB41F}.Debug|Any CPU.Build.0 = Debug|Any CPU
		{5D478228-CD94-49CE-B2F7-9D5322FCB41F}.Release|Any CPU.ActiveCfg = Release|Any CPU
		{5D478228-CD94-49CE-B2F7-9D5322FCB41F}.Release|Any CPU.Build.0 = Release|Any CPU
	EndGlobalSection
	GlobalSection(SolutionProperties) = preSolution
		HideSolutionNode = FALSE
	EndGlobalSection
	GlobalSection(ExtensibilityGlobals) = postSolution
		SolutionGuid = {A817A396-BEC7-429C-8A59-A15CCB7AD252}
	EndGlobalSection
EndGlobal
